
Microsoft Visual Studio Solution File, Format Version 12.00
# Visual Studio 15
VisualStudioVersion = 15.0.28307.329
MinimumVisualStudioVersion = 10.0.40219.1
Project("{FAE04EC0-301F-11D3-BF4B-00C04F79EFBC}") = "AttendanceSystemDemo", "AttendanceSystemDemo\AttendanceSystemDemo.csproj", "{FB18FE24-88F6-4A88-92A9-E9AED1E0B6CC}"
EndProject
Global
	GlobalSection(SolutionConfigurationPlatforms) = preSolution
		Debug|Any CPU = Debug|Any CPU
		Release|Any CPU = Release|Any CPU
	EndGlobalSection
	GlobalSection(ProjectConfigurationPlatforms) = postSolution
		{FB18FE24-88F6-4A88-92A9-E9AED1E0B6CC}.Debug|Any CPU.ActiveCfg = Debug|Any CPU
		{FB18FE24-88F6-4A88-92A9-E9AED1E0B6CC}.Debug|Any CPU.Build.0 = Debug|Any CPU
		{FB18FE24-88F6-4A88-92A9-E9AED1E0B6CC}.Release|Any CPU.ActiveCfg = Release|Any CPU
		{FB18FE24-88F6-4A88-92A9-E9AED1E0B6CC}.Release|Any CPU.Build.0 = Release|Any CPU
	EndGlobalSection
	GlobalSection(SolutionProperties) = preSolution
		HideSolutionNode = FALSE
	EndGlobalSection
	GlobalSection(ExtensibilityGlobals) = postSolution
		SolutionGuid = {5C535A19-F589-408C-9C93-CD063AF3B8B1}
	EndGlobalSection
EndGlobal
